
Microsoft Visual Studio Solution File, Format Version 12.00
# Visual Studio 15
VisualStudioVersion = 15.0.28010.2016
MinimumVisualStudioVersion = 10.0.40219.1
Project("{2150E333-8FDC-42A3-9474-1A3956D46DE8}") = "files", "files", "{17D642F7-B475-4B61-8A74-00411ADCE035}"
	ProjectSection(SolutionItems) = preProject
		bat\nuget-pack.bat = bat\nuget-pack.bat
		README.md = README.md
	EndProjectSection
EndProject
Project("{FAE04EC0-301F-11D3-BF4B-00C04F79EFBC}") = "blqw.Gadgets.ObjectPool", "src\blqw.Gadgets.ObjectPool\blqw.Gadgets.ObjectPool.csproj", "{B244BD2B-9C38-4306-94B6-EE581252F1E3}"
EndProject
Project("{FAE04EC0-301F-11D3-BF4B-00C04F79EFBC}") = "Example.ObjectPool", "example\Example.ObjectPool\Example.ObjectPool.csproj", "{FB7482D1-F651-4578-BD6F-6D2D3C0EA81F}"
EndProject
Global
	GlobalSection(SolutionConfigurationPlatforms) = preSolution
		Debug|Any CPU = Debug|Any CPU
		Release|Any CPU = Release|Any CPU
	EndGlobalSection
	GlobalSection(ProjectConfigurationPlatforms) = postSolution
		{B244BD2B-9C38-4306-94B6-EE581252F1E3}.Debug|Any CPU.ActiveCfg = Debug|Any CPU
		{B244BD2B-9C38-4306-94B6-EE581252F1E3}.Debug|Any CPU.Build.0 = Debug|Any CPU
		{B244BD2B-9C38-4306-94B6-EE581252F1E3}.Release|Any CPU.ActiveCfg = Release|Any CPU
		{B244BD2B-9C38-4306-94B6-EE581252F1E3}.Release|Any CPU.Build.0 = Release|Any CPU
		{FB7482D1-F651-4578-BD6F-6D2D3C0EA81F}.Debug|Any CPU.ActiveCfg = Debug|Any CPU
		{FB7482D1-F651-4578-BD6F-6D2D3C0EA81F}.Debug|Any CPU.Build.0 = Debug|Any CPU
		{FB7482D1-F651-4578-BD6F-6D2D3C0EA81F}.Release|Any CPU.ActiveCfg = Release|Any CPU
		{FB7482D1-F651-4578-BD6F-6D2D3C0EA81F}.Release|Any CPU.Build.0 = Release|Any CPU
	EndGlobalSection
	GlobalSection(SolutionProperties) = preSolution
		HideSolutionNode = FALSE
	EndGlobalSection
	GlobalSection(ExtensibilityGlobals) = postSolution
		SolutionGuid = {7CC9D1A5-E0DA-4E07-9F0D-E2110B607DB2}
	EndGlobalSection
EndGlobal
